
Microsoft Visual Studio Solution File, Format Version 12.00
# Visual Studio Version 16
VisualStudioVersion = 16.0.31112.23
MinimumVisualStudioVersion = 10.0.40219.1
Project("{9A19103F-16F7-4668-BE54-9A1E7A4F7556}") = "Composite", "Composite\Composite.csproj", "{D5EFA086-D35B-4ECF-AD66-229D62CAA74A}"
EndProject
Project("{9A19103F-16F7-4668-BE54-9A1E7A4F7556}") = "Prototype", "Prototype\Prototype.csproj", "{05299F12-B048-4B7A-A21D-764E6AB4608C}"
EndProject
Project("{9A19103F-16F7-4668-BE54-9A1E7A4F7556}") = "TemplatePattern", "TemplatePattern\TemplatePattern.csproj", "{06018398-D345-45D4-9DDB-8C7A8EB6BDBB}"
EndProject
Global
	GlobalSection(SolutionConfigurationPlatforms) = preSolution
		Debug|Any CPU = Debug|Any CPU
		Release|Any CPU = Release|Any CPU
	EndGlobalSection
	GlobalSection(ProjectConfigurationPlatforms) = postSolution
		{D5EFA086-D35B-4ECF-AD66-229D62CAA74A}.Debug|Any CPU.ActiveCfg = Debug|Any CPU
		{D5EFA086-D35B-4ECF-AD66-229D62CAA74A}.Debug|Any CPU.Build.0 = Debug|Any CPU
		{D5EFA086-D35B-4ECF-AD66-229D62CAA74A}.Release|Any CPU.ActiveCfg = Release|Any CPU
		{D5EFA086-D35B-4ECF-AD66-229D62CAA74A}.Release|Any CPU.Build.0 = Release|Any CPU
		{05299F12-B048-4B7A-A21D-764E6AB4608C}.Debug|Any CPU.ActiveCfg = Debug|Any CPU
		{05299F12-B048-4B7A-A21D-764E6AB4608C}.Debug|Any CPU.Build.0 = Debug|Any CPU
		{05299F12-B048-4B7A-A21D-764E6AB4608C}.Release|Any CPU.ActiveCfg = Release|Any CPU
		{05299F12-B048-4B7A-A21D-764E6AB4608C}.Release|Any CPU.Build.0 = Release|Any CPU
		{06018398-D345-45D4-9DDB-8C7A8EB6BDBB}.Debug|Any CPU.ActiveCfg = Debug|Any CPU
		{06018398-D345-45D4-9DDB-8C7A8EB6BDBB}.Debug|Any CPU.Build.0 = Debug|Any CPU
		{06018398-D345-45D4-9DDB-8C7A8EB6BDBB}.Release|Any CPU.ActiveCfg = Release|Any CPU
		{06018398-D345-45D4-9DDB-8C7A8EB6BDBB}.Release|Any CPU.Build.0 = Release|Any CPU
	EndGlobalSection
	GlobalSection(SolutionProperties) = preSolution
		HideSolutionNode = FALSE
	EndGlobalSection
	GlobalSection(ExtensibilityGlobals) = postSolution
		SolutionGuid = {9297A7FE-B903-4189-93D7-6E9CBB0C6C17}
	EndGlobalSection
EndGlobal
