
Microsoft Visual Studio Solution File, Format Version 12.00
# Visual Studio Version 16
VisualStudioVersion = 16.0.31129.286
MinimumVisualStudioVersion = 10.0.40219.1
Project("{9A19103F-16F7-4668-BE54-9A1E7A4F7556}") = "VaporStore", "Exam 01.09.2018\VaporStore\VaporStore.csproj", "{6208D951-6C59-4709-BE5B-F94B385AD31E}"
EndProject
Project("{9A19103F-16F7-4668-BE54-9A1E7A4F7556}") = "PetClinic", "Exam 05.01.2018\PetClinic\PetClinic.csproj", "{D8FC2286-9BCE-44A9-AC54-3F3A80A941B3}"
EndProject
Project("{9A19103F-16F7-4668-BE54-9A1E7A4F7556}") = "PetClinic1", "Exam 05.01.2018\PetClinic1\PetClinic1.csproj", "{ACB70F20-50DA-4702-ADDB-E8B04405DCAD}"
EndProject
Global
	GlobalSection(SolutionConfigurationPlatforms) = preSolution
		Debug|Any CPU = Debug|Any CPU
		Release|Any CPU = Release|Any CPU
	EndGlobalSection
	GlobalSection(ProjectConfigurationPlatforms) = postSolution
		{6208D951-6C59-4709-BE5B-F94B385AD31E}.Debug|Any CPU.ActiveCfg = Debug|Any CPU
		{6208D951-6C59-4709-BE5B-F94B385AD31E}.Debug|Any CPU.Build.0 = Debug|Any CPU
		{6208D951-6C59-4709-BE5B-F94B385AD31E}.Release|Any CPU.ActiveCfg = Release|Any CPU
		{6208D951-6C59-4709-BE5B-F94B385AD31E}.Release|Any CPU.Build.0 = Release|Any CPU
		{D8FC2286-9BCE-44A9-AC54-3F3A80A941B3}.Debug|Any CPU.ActiveCfg = Debug|Any CPU
		{D8FC2286-9BCE-44A9-AC54-3F3A80A941B3}.Debug|Any CPU.Build.0 = Debug|Any CPU
		{D8FC2286-9BCE-44A9-AC54-3F3A80A941B3}.Release|Any CPU.ActiveCfg = Release|Any CPU
		{D8FC2286-9BCE-44A9-AC54-3F3A80A941B3}.Release|Any CPU.Build.0 = Release|Any CPU
		{ACB70F20-50DA-4702-ADDB-E8B04405DCAD}.Debug|Any CPU.ActiveCfg = Debug|Any CPU
		{ACB70F20-50DA-4702-ADDB-E8B04405DCAD}.Debug|Any CPU.Build.0 = Debug|Any CPU
		{ACB70F20-50DA-4702-ADDB-E8B04405DCAD}.Release|Any CPU.ActiveCfg = Release|Any CPU
		{ACB70F20-50DA-4702-ADDB-E8B04405DCAD}.Release|Any CPU.Build.0 = Release|Any CPU
	EndGlobalSection
	GlobalSection(SolutionProperties) = preSolution
		HideSolutionNode = FALSE
	EndGlobalSection
	GlobalSection(ExtensibilityGlobals) = postSolution
		SolutionGuid = {DE04DCE2-35DA-4ED5-BAFA-23AC3B54B575}
	EndGlobalSection
EndGlobal
