
Microsoft Visual Studio Solution File, Format Version 12.00
# Visual Studio Version 16
VisualStudioVersion = 16.0.31105.61
MinimumVisualStudioVersion = 10.0.40219.1
Project("{9A19103F-16F7-4668-BE54-9A1E7A4F7556}") = "P01_StudentSystem", "P01_StudentSystem\P01_StudentSystem.csproj", "{1BB3596D-FC63-48AB-A4DC-45283F3E80DE}"
EndProject
Project("{9A19103F-16F7-4668-BE54-9A1E7A4F7556}") = "P01_StudentSystem.Data", "P01_StudentSystem.Database\P01_StudentSystem.Data.csproj", "{27F25039-94F7-43D4-A1CE-5E7D4D45E298}"
EndProject
Global
	GlobalSection(SolutionConfigurationPlatforms) = preSolution
		Debug|Any CPU = Debug|Any CPU
		Release|Any CPU = Release|Any CPU
	EndGlobalSection
	GlobalSection(ProjectConfigurationPlatforms) = postSolution
		{1BB3596D-FC63-48AB-A4DC-45283F3E80DE}.Debug|Any CPU.ActiveCfg = Debug|Any CPU
		{1BB3596D-FC63-48AB-A4DC-45283F3E80DE}.Debug|Any CPU.Build.0 = Debug|Any CPU
		{1BB3596D-FC63-48AB-A4DC-45283F3E80DE}.Release|Any CPU.ActiveCfg = Release|Any CPU
		{1BB3596D-FC63-48AB-A4DC-45283F3E80DE}.Release|Any CPU.Build.0 = Release|Any CPU
		{27F25039-94F7-43D4-A1CE-5E7D4D45E298}.Debug|Any CPU.ActiveCfg = Debug|Any CPU
		{27F25039-94F7-43D4-A1CE-5E7D4D45E298}.Debug|Any CPU.Build.0 = Debug|Any CPU
		{27F25039-94F7-43D4-A1CE-5E7D4D45E298}.Release|Any CPU.ActiveCfg = Release|Any CPU
		{27F25039-94F7-43D4-A1CE-5E7D4D45E298}.Release|Any CPU.Build.0 = Release|Any CPU
	EndGlobalSection
	GlobalSection(SolutionProperties) = preSolution
		HideSolutionNode = FALSE
	EndGlobalSection
	GlobalSection(ExtensibilityGlobals) = postSolution
		SolutionGuid = {EFA73CBD-4DCA-460A-9D9D-A3517DBEE524}
	EndGlobalSection
EndGlobal
