
Microsoft Visual Studio Solution File, Format Version 12.00
# Visual Studio Version 16
VisualStudioVersion = 16.0.31105.61
MinimumVisualStudioVersion = 10.0.40219.1
Project("{9A19103F-16F7-4668-BE54-9A1E7A4F7556}") = "P01_StudentSystem", "P01_StudentSystem\P01_StudentSystem.csproj", "{F20CA173-F66A-4D90-A8D6-B33EC7BC2CB6}"
EndProject
Global
	GlobalSection(SolutionConfigurationPlatforms) = preSolution
		Debug|Any CPU = Debug|Any CPU
		Release|Any CPU = Release|Any CPU
	EndGlobalSection
	GlobalSection(ProjectConfigurationPlatforms) = postSolution
		{F20CA173-F66A-4D90-A8D6-B33EC7BC2CB6}.Debug|Any CPU.ActiveCfg = Debug|Any CPU
		{F20CA173-F66A-4D90-A8D6-B33EC7BC2CB6}.Debug|Any CPU.Build.0 = Debug|Any CPU
		{F20CA173-F66A-4D90-A8D6-B33EC7BC2CB6}.Release|Any CPU.ActiveCfg = Release|Any CPU
		{F20CA173-F66A-4D90-A8D6-B33EC7BC2CB6}.Release|Any CPU.Build.0 = Release|Any CPU
	EndGlobalSection
	GlobalSection(SolutionProperties) = preSolution
		HideSolutionNode = FALSE
	EndGlobalSection
	GlobalSection(ExtensibilityGlobals) = postSolution
		SolutionGuid = {FD59D37E-5BCA-46BA-AE38-ED67C7B93189}
	EndGlobalSection
EndGlobal
