
Microsoft Visual Studio Solution File, Format Version 12.00
# Visual Studio Version 16
VisualStudioVersion = 16.0.31112.23
MinimumVisualStudioVersion = 10.0.40219.1
Project("{9A19103F-16F7-4668-BE54-9A1E7A4F7556}") = "BookShop", "BookShop\00BookShop\BookShop\BookShop.csproj", "{4B0BD49D-4BC0-4C84-B792-C32930CE80EF}"
EndProject
Global
	GlobalSection(SolutionConfigurationPlatforms) = preSolution
		Debug|Any CPU = Debug|Any CPU
		Release|Any CPU = Release|Any CPU
	EndGlobalSection
	GlobalSection(ProjectConfigurationPlatforms) = postSolution
		{4B0BD49D-4BC0-4C84-B792-C32930CE80EF}.Debug|Any CPU.ActiveCfg = Debug|Any CPU
		{4B0BD49D-4BC0-4C84-B792-C32930CE80EF}.Debug|Any CPU.Build.0 = Debug|Any CPU
		{4B0BD49D-4BC0-4C84-B792-C32930CE80EF}.Release|Any CPU.ActiveCfg = Release|Any CPU
		{4B0BD49D-4BC0-4C84-B792-C32930CE80EF}.Release|Any CPU.Build.0 = Release|Any CPU
	EndGlobalSection
	GlobalSection(SolutionProperties) = preSolution
		HideSolutionNode = FALSE
	EndGlobalSection
	GlobalSection(ExtensibilityGlobals) = postSolution
		SolutionGuid = {657AF307-A8FF-46FC-97E0-0528D638C843}
	EndGlobalSection
EndGlobal
