
Microsoft Visual Studio Solution File, Format Version 12.00
# Visual Studio Version 16
VisualStudioVersion = 16.0.31005.135
MinimumVisualStudioVersion = 10.0.40219.1
Project("{FAE04EC0-301F-11D3-BF4B-00C04F79EFBC}") = "CSharpDbDemo", "CSharpDbDemo\CSharpDbDemo.csproj", "{786D16F1-9314-4402-8833-01FE77790268}"
EndProject
Project("{FAE04EC0-301F-11D3-BF4B-00C04F79EFBC}") = "MyClasses", "MyClasses\MyClasses.csproj", "{52CFA9EF-C93D-43D9-A31A-33D513A84DA2}"
EndProject
Global
	GlobalSection(SolutionConfigurationPlatforms) = preSolution
		Debug|Any CPU = Debug|Any CPU
		Release|Any CPU = Release|Any CPU
	EndGlobalSection
	GlobalSection(ProjectConfigurationPlatforms) = postSolution
		{786D16F1-9314-4402-8833-01FE77790268}.Debug|Any CPU.ActiveCfg = Debug|Any CPU
		{786D16F1-9314-4402-8833-01FE77790268}.Debug|Any CPU.Build.0 = Debug|Any CPU
		{786D16F1-9314-4402-8833-01FE77790268}.Release|Any CPU.ActiveCfg = Release|Any CPU
		{786D16F1-9314-4402-8833-01FE77790268}.Release|Any CPU.Build.0 = Release|Any CPU
		{52CFA9EF-C93D-43D9-A31A-33D513A84DA2}.Debug|Any CPU.ActiveCfg = Debug|Any CPU
		{52CFA9EF-C93D-43D9-A31A-33D513A84DA2}.Debug|Any CPU.Build.0 = Debug|Any CPU
		{52CFA9EF-C93D-43D9-A31A-33D513A84DA2}.Release|Any CPU.ActiveCfg = Release|Any CPU
		{52CFA9EF-C93D-43D9-A31A-33D513A84DA2}.Release|Any CPU.Build.0 = Release|Any CPU
	EndGlobalSection
	GlobalSection(SolutionProperties) = preSolution
		HideSolutionNode = FALSE
	EndGlobalSection
	GlobalSection(ExtensibilityGlobals) = postSolution
		SolutionGuid = {EF649491-92D6-4590-B798-D28C2229A86C}
	EndGlobalSection
EndGlobal
