
Microsoft Visual Studio Solution File, Format Version 12.00
# Visual Studio Version 16
VisualStudioVersion = 16.0.31005.135
MinimumVisualStudioVersion = 10.0.40219.1
Project("{9A19103F-16F7-4668-BE54-9A1E7A4F7556}") = "Problem1", "Problem1\Problem1.csproj", "{150AE314-8440-453B-9C81-2E9404EC9691}"
EndProject
Project("{9A19103F-16F7-4668-BE54-9A1E7A4F7556}") = "Problem2", "Problem2\Problem2.csproj", "{4C6E4BF6-FDFE-48F9-A9BC-57CCC1B1D4D0}"
EndProject
Project("{9A19103F-16F7-4668-BE54-9A1E7A4F7556}") = "Problem3", "Problem3\Problem3.csproj", "{B86556E8-EE4B-469C-9486-F9B7D6B48DC5}"
EndProject
Project("{9A19103F-16F7-4668-BE54-9A1E7A4F7556}") = "Problem4", "Problem4\Problem4.csproj", "{A2355253-1BD9-4FA2-8B9A-DF090E36E656}"
EndProject
Project("{9A19103F-16F7-4668-BE54-9A1E7A4F7556}") = "Problem5", "Problem5\Problem5.csproj", "{1A96043B-2ABD-4410-A227-FD858B62532F}"
EndProject
Project("{9A19103F-16F7-4668-BE54-9A1E7A4F7556}") = "Problem6", "Problem6\Problem6.csproj", "{353FB411-6832-4889-8E5B-C99704830222}"
EndProject
Project("{9A19103F-16F7-4668-BE54-9A1E7A4F7556}") = "Problem7", "Problem7\Problem7.csproj", "{DA86557E-42D8-4331-8C2A-A3AECA2C0A2F}"
EndProject
Project("{9A19103F-16F7-4668-BE54-9A1E7A4F7556}") = "Problem8", "Problem8\Problem8.csproj", "{F1FA6BF1-9F1A-48CC-8C19-BA2DA496D570}"
EndProject
Project("{9A19103F-16F7-4668-BE54-9A1E7A4F7556}") = "Problem9", "Problem9\Problem9.csproj", "{6416798C-6C71-4BE5-AF58-ACFD6039239E}"
EndProject
Global
	GlobalSection(SolutionConfigurationPlatforms) = preSolution
		Debug|Any CPU = Debug|Any CPU
		Release|Any CPU = Release|Any CPU
	EndGlobalSection
	GlobalSection(ProjectConfigurationPlatforms) = postSolution
		{150AE314-8440-453B-9C81-2E9404EC9691}.Debug|Any CPU.ActiveCfg = Debug|Any CPU
		{150AE314-8440-453B-9C81-2E9404EC9691}.Debug|Any CPU.Build.0 = Debug|Any CPU
		{150AE314-8440-453B-9C81-2E9404EC9691}.Release|Any CPU.ActiveCfg = Release|Any CPU
		{150AE314-8440-453B-9C81-2E9404EC9691}.Release|Any CPU.Build.0 = Release|Any CPU
		{4C6E4BF6-FDFE-48F9-A9BC-57CCC1B1D4D0}.Debug|Any CPU.ActiveCfg = Debug|Any CPU
		{4C6E4BF6-FDFE-48F9-A9BC-57CCC1B1D4D0}.Debug|Any CPU.Build.0 = Debug|Any CPU
		{4C6E4BF6-FDFE-48F9-A9BC-57CCC1B1D4D0}.Release|Any CPU.ActiveCfg = Release|Any CPU
		{4C6E4BF6-FDFE-48F9-A9BC-57CCC1B1D4D0}.Release|Any CPU.Build.0 = Release|Any CPU
		{B86556E8-EE4B-469C-9486-F9B7D6B48DC5}.Debug|Any CPU.ActiveCfg = Debug|Any CPU
		{B86556E8-EE4B-469C-9486-F9B7D6B48DC5}.Debug|Any CPU.Build.0 = Debug|Any CPU
		{B86556E8-EE4B-469C-9486-F9B7D6B48DC5}.Release|Any CPU.ActiveCfg = Release|Any CPU
		{B86556E8-EE4B-469C-9486-F9B7D6B48DC5}.Release|Any CPU.Build.0 = Release|Any CPU
		{A2355253-1BD9-4FA2-8B9A-DF090E36E656}.Debug|Any CPU.ActiveCfg = Debug|Any CPU
		{A2355253-1BD9-4FA2-8B9A-DF090E36E656}.Debug|Any CPU.Build.0 = Debug|Any CPU
		{A2355253-1BD9-4FA2-8B9A-DF090E36E656}.Release|Any CPU.ActiveCfg = Release|Any CPU
		{A2355253-1BD9-4FA2-8B9A-DF090E36E656}.Release|Any CPU.Build.0 = Release|Any CPU
		{1A96043B-2ABD-4410-A227-FD858B62532F}.Debug|Any CPU.ActiveCfg = Debug|Any CPU
		{1A96043B-2ABD-4410-A227-FD858B62532F}.Debug|Any CPU.Build.0 = Debug|Any CPU
		{1A96043B-2ABD-4410-A227-FD858B62532F}.Release|Any CPU.ActiveCfg = Release|Any CPU
		{1A96043B-2ABD-4410-A227-FD858B62532F}.Release|Any CPU.Build.0 = Release|Any CPU
		{353FB411-6832-4889-8E5B-C99704830222}.Debug|Any CPU.ActiveCfg = Debug|Any CPU
		{353FB411-6832-4889-8E5B-C99704830222}.Debug|Any CPU.Build.0 = Debug|Any CPU
		{353FB411-6832-4889-8E5B-C99704830222}.Release|Any CPU.ActiveCfg = Release|Any CPU
		{353FB411-6832-4889-8E5B-C99704830222}.Release|Any CPU.Build.0 = Release|Any CPU
		{DA86557E-42D8-4331-8C2A-A3AECA2C0A2F}.Debug|Any CPU.ActiveCfg = Debug|Any CPU
		{DA86557E-42D8-4331-8C2A-A3AECA2C0A2F}.Debug|Any CPU.Build.0 = Debug|Any CPU
		{DA86557E-42D8-4331-8C2A-A3AECA2C0A2F}.Release|Any CPU.ActiveCfg = Release|Any CPU
		{DA86557E-42D8-4331-8C2A-A3AECA2C0A2F}.Release|Any CPU.Build.0 = Release|Any CPU
		{F1FA6BF1-9F1A-48CC-8C19-BA2DA496D570}.Debug|Any CPU.ActiveCfg = Debug|Any CPU
		{F1FA6BF1-9F1A-48CC-8C19-BA2DA496D570}.Debug|Any CPU.Build.0 = Debug|Any CPU
		{F1FA6BF1-9F1A-48CC-8C19-BA2DA496D570}.Release|Any CPU.ActiveCfg = Release|Any CPU
		{F1FA6BF1-9F1A-48CC-8C19-BA2DA496D570}.Release|Any CPU.Build.0 = Release|Any CPU
		{6416798C-6C71-4BE5-AF58-ACFD6039239E}.Debug|Any CPU.ActiveCfg = Debug|Any CPU
		{6416798C-6C71-4BE5-AF58-ACFD6039239E}.Debug|Any CPU.Build.0 = Debug|Any CPU
		{6416798C-6C71-4BE5-AF58-ACFD6039239E}.Release|Any CPU.ActiveCfg = Release|Any CPU
		{6416798C-6C71-4BE5-AF58-ACFD6039239E}.Release|Any CPU.Build.0 = Release|Any CPU
	EndGlobalSection
	GlobalSection(SolutionProperties) = preSolution
		HideSolutionNode = FALSE
	EndGlobalSection
	GlobalSection(ExtensibilityGlobals) = postSolution
		SolutionGuid = {994183A6-566B-4308-95AB-17B47CBCA080}
	EndGlobalSection
EndGlobal
